// !$*UTF8*$!
{
	archiveVersion = 1;
	classes = {
	};
	objectVersion = 56;
	objects = {

/* Begin PBXBuildFile section */
		4DE6B5CC2C3D6C15008D8349 /* AppDelegate.swift in Sources */ = {isa = PBXBuildFile; fileRef = 4DE6B5CB2C3D6C15008D8349 /* AppDelegate.swift */; };
		4DE6B5CE2C3D6C15008D8349 /* SceneDelegate.swift in Sources */ = {isa = PBXBuildFile; fileRef = 4DE6B5CD2C3D6C15008D8349 /* SceneDelegate.swift */; };
		4DE6B5D02C3D6C15008D8349 /* StockViewController.swift in Sources */ = {isa = PBXBuildFile; fileRef = 4DE6B5CF2C3D6C15008D8349 /* StockViewController.swift */; };
		4DE6B5D52C3D6C16008D8349 /* Assets.xcassets in Resources */ = {isa = PBXBuildFile; fileRef = 4DE6B5D42C3D6C16008D8349 /* Assets.xcassets */; };
		4DE6B5D82C3D6C16008D8349 /* Base in Resources */ = {isa = PBXBuildFile; fileRef = 4DE6B5D72C3D6C16008D8349 /* Base */; };
		4DE6B5EA2C3D6D35008D8349 /* SnapKit in Frameworks */ = {isa = PBXBuildFile; productRef = 4DE6B5E92C3D6D35008D8349 /* SnapKit */; };
		4DE6B5ED2C3D6D3E008D8349 /* Alamofire in Frameworks */ = {isa = PBXBuildFile; productRef = 4DE6B5EC2C3D6D3E008D8349 /* Alamofire */; };
		4DE6B5EF2C3D6D54008D8349 /* NetworkManager.swift in Sources */ = {isa = PBXBuildFile; fileRef = 4DE6B5EE2C3D6D54008D8349 /* NetworkManager.swift */; };
		4DE6B5F12C3D6D63008D8349 /* UserDefaultManager.swift in Sources */ = {isa = PBXBuildFile; fileRef = 4DE6B5F02C3D6D63008D8349 /* UserDefaultManager.swift */; };
		4DE6B5F32C3D6D8D008D8349 /* FullCompanyInfo.swift in Sources */ = {isa = PBXBuildFile; fileRef = 4DE6B5F22C3D6D8D008D8349 /* FullCompanyInfo.swift */; };
		4DE6B5F52C3D6DAB008D8349 /* CompanyInfoModel.swift in Sources */ = {isa = PBXBuildFile; fileRef = 4DE6B5F42C3D6DAB008D8349 /* CompanyInfoModel.swift */; };
		4DE6B5F72C3D6DB8008D8349 /* QouteModel.swift in Sources */ = {isa = PBXBuildFile; fileRef = 4DE6B5F62C3D6DB8008D8349 /* QouteModel.swift */; };
		4DE6B5F92C3D6DC6008D8349 /* StockSymbolsModel.swift in Sources */ = {isa = PBXBuildFile; fileRef = 4DE6B5F82C3D6DC6008D8349 /* StockSymbolsModel.swift */; };
		4DE6B5FC2C3D6DFF008D8349 /* Dynamic.swift in Sources */ = {isa = PBXBuildFile; fileRef = 4DE6B5FB2C3D6DFF008D8349 /* Dynamic.swift */; };
		4DE6B5FE2C3D6E11008D8349 /* StockViewModel.swift in Sources */ = {isa = PBXBuildFile; fileRef = 4DE6B5FD2C3D6E11008D8349 /* StockViewModel.swift */; };
		4DE6B6002C3D6E62008D8349 /* CompanyType.swift in Sources */ = {isa = PBXBuildFile; fileRef = 4DE6B5FF2C3D6E62008D8349 /* CompanyType.swift */; };
		4DE6B6022C3D6E78008D8349 /* CompanyWithQoute.swift in Sources */ = {isa = PBXBuildFile; fileRef = 4DE6B6012C3D6E78008D8349 /* CompanyWithQoute.swift */; };
		4DE6B6042C3D6E91008D8349 /* StockCell.swift in Sources */ = {isa = PBXBuildFile; fileRef = 4DE6B6032C3D6E91008D8349 /* StockCell.swift */; };
		4DE6B6062C3D6EA1008D8349 /* FavoriteCell.swift in Sources */ = {isa = PBXBuildFile; fileRef = 4DE6B6052C3D6EA1008D8349 /* FavoriteCell.swift */; };
		4DE6B6082C3D6EB7008D8349 /* FavoriteViewController.swift in Sources */ = {isa = PBXBuildFile; fileRef = 4DE6B6072C3D6EB7008D8349 /* FavoriteViewController.swift */; };
/* End PBXBuildFile section */

/* Begin PBXFileReference section */
		4DE6B5C82C3D6C15008D8349 /* StockSearch.app */ = {isa = PBXFileReference; explicitFileType = wrapper.application; includeInIndex = 0; path = StockSearch.app; sourceTree = BUILT_PRODUCTS_DIR; };
		4DE6B5CB2C3D6C15008D8349 /* AppDelegate.swift */ = {isa = PBXFileReference; lastKnownFileType = sourcecode.swift; path = AppDelegate.swift; sourceTree = "<group>"; };
		4DE6B5CD2C3D6C15008D8349 /* SceneDelegate.swift */ = {isa = PBXFileReference; lastKnownFileType = sourcecode.swift; path = SceneDelegate.swift; sourceTree = "<group>"; };
		4DE6B5CF2C3D6C15008D8349 /* StockViewController.swift */ = {isa = PBXFileReference; lastKnownFileType = sourcecode.swift; path = StockViewController.swift; sourceTree = "<group>"; };
		4DE6B5D42C3D6C16008D8349 /* Assets.xcassets */ = {isa = PBXFileReference; lastKnownFileType = folder.assetcatalog; path = Assets.xcassets; sourceTree = "<group>"; };
		4DE6B5D72C3D6C16008D8349 /* Base */ = {isa = PBXFileReference; lastKnownFileType = file.storyboard; name = Base; path = Base.lproj/LaunchScreen.storyboard; sourceTree = "<group>"; };
		4DE6B5D92C3D6C16008D8349 /* Info.plist */ = {isa = PBXFileReference; lastKnownFileType = text.plist.xml; path = Info.plist; sourceTree = "<group>"; };
		4DE6B5EE2C3D6D54008D8349 /* NetworkManager.swift */ = {isa = PBXFileReference; lastKnownFileType = sourcecode.swift; path = NetworkManager.swift; sourceTree = "<group>"; };
		4DE6B5F02C3D6D63008D8349 /* UserDefaultManager.swift */ = {isa = PBXFileReference; lastKnownFileType = sourcecode.swift; path = UserDefaultManager.swift; sourceTree = "<group>"; };
		4DE6B5F22C3D6D8D008D8349 /* FullCompanyInfo.swift */ = {isa = PBXFileReference; lastKnownFileType = sourcecode.swift; path = FullCompanyInfo.swift; sourceTree = "<group>"; };
		4DE6B5F42C3D6DAB008D8349 /* CompanyInfoModel.swift */ = {isa = PBXFileReference; lastKnownFileType = sourcecode.swift; path = CompanyInfoModel.swift; sourceTree = "<group>"; };
		4DE6B5F62C3D6DB8008D8349 /* QouteModel.swift */ = {isa = PBXFileReference; lastKnownFileType = sourcecode.swift; path = QouteModel.swift; sourceTree = "<group>"; };
		4DE6B5F82C3D6DC6008D8349 /* StockSymbolsModel.swift */ = {isa = PBXFileReference; lastKnownFileType = sourcecode.swift; path = StockSymbolsModel.swift; sourceTree = "<group>"; };
		4DE6B5FB2C3D6DFF008D8349 /* Dynamic.swift */ = {isa = PBXFileReference; lastKnownFileType = sourcecode.swift; path = Dynamic.swift; sourceTree = "<group>"; };
		4DE6B5FD2C3D6E11008D8349 /* StockViewModel.swift */ = {isa = PBXFileReference; lastKnownFileType = sourcecode.swift; path = StockViewModel.swift; sourceTree = "<group>"; };
		4DE6B5FF2C3D6E62008D8349 /* CompanyType.swift */ = {isa = PBXFileReference; lastKnownFileType = sourcecode.swift; path = CompanyType.swift; sourceTree = "<group>"; };
		4DE6B6012C3D6E78008D8349 /* CompanyWithQoute.swift */ = {isa = PBXFileReference; lastKnownFileType = sourcecode.swift; path = CompanyWithQoute.swift; sourceTree = "<group>"; };
		4DE6B6032C3D6E91008D8349 /* StockCell.swift */ = {isa = PBXFileReference; lastKnownFileType = sourcecode.swift; path = StockCell.swift; sourceTree = "<group>"; };
		4DE6B6052C3D6EA1008D8349 /* FavoriteCell.swift */ = {isa = PBXFileReference; lastKnownFileType = sourcecode.swift; path = FavoriteCell.swift; sourceTree = "<group>"; };
		4DE6B6072C3D6EB7008D8349 /* FavoriteViewController.swift */ = {isa = PBXFileReference; lastKnownFileType = sourcecode.swift; path = FavoriteViewController.swift; sourceTree = "<group>"; };
/* End PBXFileReference section */

/* Begin PBXFrameworksBuildPhase section */
		4DE6B5C52C3D6C15008D8349 /* Frameworks */ = {
			isa = PBXFrameworksBuildPhase;
			buildActionMask = 2147483647;
			files = (
				4DE6B5EA2C3D6D35008D8349 /* SnapKit in Frameworks */,
				4DE6B5ED2C3D6D3E008D8349 /* Alamofire in Frameworks */,
			);
			runOnlyForDeploymentPostprocessing = 0;
		};
/* End PBXFrameworksBuildPhase section */

/* Begin PBXGroup section */
		4DE6B5BF2C3D6C15008D8349 = {
			isa = PBXGroup;
			children = (
				4DE6B5CA2C3D6C15008D8349 /* StockSearch */,
				4DE6B5C92C3D6C15008D8349 /* Products */,
			);
			sourceTree = "<group>";
		};
		4DE6B5C92C3D6C15008D8349 /* Products */ = {
			isa = PBXGroup;
			children = (
				4DE6B5C82C3D6C15008D8349 /* StockSearch.app */,
			);
			name = Products;
			sourceTree = "<group>";
		};
		4DE6B5CA2C3D6C15008D8349 /* StockSearch */ = {
			isa = PBXGroup;
			children = (
				4DE6B5E42C3D6CD3008D8349 /* Common */,
				4DE6B5E32C3D6CCD008D8349 /* Models */,
				4DE6B5E22C3D6CBE008D8349 /* ViewModels */,
				4DE6B5E12C3D6CB0008D8349 /* Views */,
				4DE6B5E02C3D6C8A008D8349 /* App */,
				4DE6B5DF2C3D6C6E008D8349 /* Resources */,
			);
			path = StockSearch;
			sourceTree = "<group>";
		};
		4DE6B5DF2C3D6C6E008D8349 /* Resources */ = {
			isa = PBXGroup;
			children = (
				4DE6B5D42C3D6C16008D8349 /* Assets.xcassets */,
				4DE6B5D92C3D6C16008D8349 /* Info.plist */,
			);
			path = Resources;
			sourceTree = "<group>";
		};
		4DE6B5E02C3D6C8A008D8349 /* App */ = {
			isa = PBXGroup;
			children = (
				4DE6B5CB2C3D6C15008D8349 /* AppDelegate.swift */,
				4DE6B5CD2C3D6C15008D8349 /* SceneDelegate.swift */,
				4DE6B5D62C3D6C16008D8349 /* LaunchScreen.storyboard */,
			);
			path = App;
			sourceTree = "<group>";
		};
		4DE6B5E12C3D6CB0008D8349 /* Views */ = {
			isa = PBXGroup;
			children = (
				4DE6B5E72C3D6CED008D8349 /* Cell */,
				4DE6B5CF2C3D6C15008D8349 /* StockViewController.swift */,
				4DE6B6072C3D6EB7008D8349 /* FavoriteViewController.swift */,
			);
			path = Views;
			sourceTree = "<group>";
		};
		4DE6B5E22C3D6CBE008D8349 /* ViewModels */ = {
			isa = PBXGroup;
			children = (
				4DE6B5FA2C3D6DF6008D8349 /* Bindings */,
				4DE6B5FD2C3D6E11008D8349 /* StockViewModel.swift */,
			);
			path = ViewModels;
			sourceTree = "<group>";
		};
		4DE6B5E32C3D6CCD008D8349 /* Models */ = {
			isa = PBXGroup;
			children = (
				4DE6B5F42C3D6DAB008D8349 /* CompanyInfoModel.swift */,
				4DE6B5F62C3D6DB8008D8349 /* QouteModel.swift */,
				4DE6B5F82C3D6DC6008D8349 /* StockSymbolsModel.swift */,
			);
			path = Models;
			sourceTree = "<group>";
		};
		4DE6B5E42C3D6CD3008D8349 /* Common */ = {
			isa = PBXGroup;
			children = (
				4DE6B5E62C3D6CE3008D8349 /* Types */,
				4DE6B5E52C3D6CDE008D8349 /* Managers */,
			);
			path = Common;
			sourceTree = "<group>";
		};
		4DE6B5E52C3D6CDE008D8349 /* Managers */ = {
			isa = PBXGroup;
			children = (
				4DE6B5EE2C3D6D54008D8349 /* NetworkManager.swift */,
				4DE6B5F02C3D6D63008D8349 /* UserDefaultManager.swift */,
			);
			path = Managers;
			sourceTree = "<group>";
		};
		4DE6B5E62C3D6CE3008D8349 /* Types */ = {
			isa = PBXGroup;
			children = (
				4DE6B5F22C3D6D8D008D8349 /* FullCompanyInfo.swift */,
				4DE6B5FF2C3D6E62008D8349 /* CompanyType.swift */,
				4DE6B6012C3D6E78008D8349 /* CompanyWithQoute.swift */,
			);
			path = Types;
			sourceTree = "<group>";
		};
		4DE6B5E72C3D6CED008D8349 /* Cell */ = {
			isa = PBXGroup;
			children = (
				4DE6B6032C3D6E91008D8349 /* StockCell.swift */,
				4DE6B6052C3D6EA1008D8349 /* FavoriteCell.swift */,
			);
			path = Cell;
			sourceTree = "<group>";
		};
		4DE6B5FA2C3D6DF6008D8349 /* Bindings */ = {
			isa = PBXGroup;
			children = (
				4DE6B5FB2C3D6DFF008D8349 /* Dynamic.swift */,
			);
			path = Bindings;
			sourceTree = "<group>";
		};
/* End PBXGroup section */

/* Begin PBXNativeTarget section */
		4DE6B5C72C3D6C15008D8349 /* StockSearch */ = {
			isa = PBXNativeTarget;
			buildConfigurationList = 4DE6B5DC2C3D6C16008D8349 /* Build configuration list for PBXNativeTarget "StockSearch" */;
			buildPhases = (
				4DE6B5C42C3D6C15008D8349 /* Sources */,
				4DE6B5C52C3D6C15008D8349 /* Frameworks */,
				4DE6B5C62C3D6C15008D8349 /* Resources */,
			);
			buildRules = (
			);
			dependencies = (
			);
			name = StockSearch;
			packageProductDependencies = (
				4DE6B5E92C3D6D35008D8349 /* SnapKit */,
				4DE6B5EC2C3D6D3E008D8349 /* Alamofire */,
			);
			productName = StockSearch;
			productReference = 4DE6B5C82C3D6C15008D8349 /* StockSearch.app */;
			productType = "com.apple.product-type.application";
		};
/* End PBXNativeTarget section */

/* Begin PBXProject section */
		4DE6B5C02C3D6C15008D8349 /* Project object */ = {
			isa = PBXProject;
			attributes = {
				BuildIndependentTargetsInParallel = 1;
				LastSwiftUpdateCheck = 1540;
				LastUpgradeCheck = 1540;
				TargetAttributes = {
					4DE6B5C72C3D6C15008D8349 = {
						CreatedOnToolsVersion = 15.4;
					};
				};
			};
			buildConfigurationList = 4DE6B5C32C3D6C15008D8349 /* Build configuration list for PBXProject "StockSearch" */;
			compatibilityVersion = "Xcode 14.0";
			developmentRegion = en;
			hasScannedForEncodings = 0;
			knownRegions = (
				en,
				Base,
			);
			mainGroup = 4DE6B5BF2C3D6C15008D8349;
			packageReferences = (
				4DE6B5E82C3D6D35008D8349 /* XCRemoteSwiftPackageReference "SnapKit" */,
				4DE6B5EB2C3D6D3E008D8349 /* XCRemoteSwiftPackageReference "Alamofire" */,
			);
			productRefGroup = 4DE6B5C92C3D6C15008D8349 /* Products */;
			projectDirPath = "";
			projectRoot = "";
			targets = (
				4DE6B5C72C3D6C15008D8349 /* StockSearch */,
			);
		};
/* End PBXProject section */

/* Begin PBXResourcesBuildPhase section */
		4DE6B5C62C3D6C15008D8349 /* Resources */ = {
			isa = PBXResourcesBuildPhase;
			buildActionMask = 2147483647;
			files = (
				4DE6B5D52C3D6C16008D8349 /* Assets.xcassets in Resources */,
				4DE6B5D82C3D6C16008D8349 /* Base in Resources */,
			);
			runOnlyForDeploymentPostprocessing = 0;
		};
/* End PBXResourcesBuildPhase section */

/* Begin PBXSourcesBuildPhase section */
		4DE6B5C42C3D6C15008D8349 /* Sources */ = {
			isa = PBXSourcesBuildPhase;
			buildActionMask = 2147483647;
			files = (
				4DE6B5F32C3D6D8D008D8349 /* FullCompanyInfo.swift in Sources */,
				4DE6B5FC2C3D6DFF008D8349 /* Dynamic.swift in Sources */,
				4DE6B6042C3D6E91008D8349 /* StockCell.swift in Sources */,
				4DE6B5F92C3D6DC6008D8349 /* StockSymbolsModel.swift in Sources */,
				4DE6B5FE2C3D6E11008D8349 /* StockViewModel.swift in Sources */,
				4DE6B6022C3D6E78008D8349 /* CompanyWithQoute.swift in Sources */,
				4DE6B6082C3D6EB7008D8349 /* FavoriteViewController.swift in Sources */,
				4DE6B5EF2C3D6D54008D8349 /* NetworkManager.swift in Sources */,
				4DE6B5F72C3D6DB8008D8349 /* QouteModel.swift in Sources */,
				4DE6B5D02C3D6C15008D8349 /* StockViewController.swift in Sources */,
				4DE6B5CC2C3D6C15008D8349 /* AppDelegate.swift in Sources */,
				4DE6B5F52C3D6DAB008D8349 /* CompanyInfoModel.swift in Sources */,
				4DE6B6002C3D6E62008D8349 /* CompanyType.swift in Sources */,
				4DE6B6062C3D6EA1008D8349 /* FavoriteCell.swift in Sources */,
				4DE6B5CE2C3D6C15008D8349 /* SceneDelegate.swift in Sources */,
				4DE6B5F12C3D6D63008D8349 /* UserDefaultManager.swift in Sources */,
			);
			runOnlyForDeploymentPostprocessing = 0;
		};
/* End PBXSourcesBuildPhase section */

/* Begin PBXVariantGroup section */
		4DE6B5D62C3D6C16008D8349 /* LaunchScreen.storyboard */ = {
			isa = PBXVariantGroup;
			children = (
				4DE6B5D72C3D6C16008D8349 /* Base */,
			);
			name = LaunchScreen.storyboard;
			sourceTree = "<group>";
		};
/* End PBXVariantGroup section */

/* Begin XCBuildConfiguration section */
		4DE6B5DA2C3D6C16008D8349 /* Debug */ = {
			isa = XCBuildConfiguration;
			buildSettings = {
				ALWAYS_SEARCH_USER_PATHS = NO;
				ASSETCATALOG_COMPILER_GENERATE_SWIFT_ASSET_SYMBOL_EXTENSIONS = YES;
				CLANG_ANALYZER_NONNULL = YES;
				CLANG_ANALYZER_NUMBER_OBJECT_CONVERSION = YES_AGGRESSIVE;
				CLANG_CXX_LANGUAGE_STANDARD = "gnu++20";
				CLANG_ENABLE_MODULES = YES;
				CLANG_ENABLE_OBJC_ARC = YES;
				CLANG_ENABLE_OBJC_WEAK = YES;
				CLANG_WARN_BLOCK_CAPTURE_AUTORELEASING = YES;
				CLANG_WARN_BOOL_CONVERSION = YES;
				CLANG_WARN_COMMA = YES;
				CLANG_WARN_CONSTANT_CONVERSION = YES;
				CLANG_WARN_DEPRECATED_OBJC_IMPLEMENTATIONS = YES;
				CLANG_WARN_DIRECT_OBJC_ISA_USAGE = YES_ERROR;
				CLANG_WARN_DOCUMENTATION_COMMENTS = YES;
				CLANG_WARN_EMPTY_BODY = YES;
				CLANG_WARN_ENUM_CONVERSION = YES;
				CLANG_WARN_INFINITE_RECURSION = YES;
				CLANG_WARN_INT_CONVERSION = YES;
				CLANG_WARN_NON_LITERAL_NULL_CONVERSION = YES;
				CLANG_WARN_OBJC_IMPLICIT_RETAIN_SELF = YES;
				CLANG_WARN_OBJC_LITERAL_CONVERSION = YES;
				CLANG_WARN_OBJC_ROOT_CLASS = YES_ERROR;
				CLANG_WARN_QUOTED_INCLUDE_IN_FRAMEWORK_HEADER = YES;
				CLANG_WARN_RANGE_LOOP_ANALYSIS = YES;
				CLANG_WARN_STRICT_PROTOTYPES = YES;
				CLANG_WARN_SUSPICIOUS_MOVE = YES;
				CLANG_WARN_UNGUARDED_AVAILABILITY = YES_AGGRESSIVE;
				CLANG_WARN_UNREACHABLE_CODE = YES;
				CLANG_WARN__DUPLICATE_METHOD_MATCH = YES;
				COPY_PHASE_STRIP = NO;
				DEBUG_INFORMATION_FORMAT = dwarf;
				ENABLE_STRICT_OBJC_MSGSEND = YES;
				ENABLE_TESTABILITY = YES;
				ENABLE_USER_SCRIPT_SANDBOXING = YES;
				GCC_C_LANGUAGE_STANDARD = gnu17;
				GCC_DYNAMIC_NO_PIC = NO;
				GCC_NO_COMMON_BLOCKS = YES;
				GCC_OPTIMIZATION_LEVEL = 0;
				GCC_PREPROCESSOR_DEFINITIONS = (
					"DEBUG=1",
					"$(inherited)",
				);
				GCC_WARN_64_TO_32_BIT_CONVERSION = YES;
				GCC_WARN_ABOUT_RETURN_TYPE = YES_ERROR;
				GCC_WARN_UNDECLARED_SELECTOR = YES;
				GCC_WARN_UNINITIALIZED_AUTOS = YES_AGGRESSIVE;
				GCC_WARN_UNUSED_FUNCTION = YES;
				GCC_WARN_UNUSED_VARIABLE = YES;
				IPHONEOS_DEPLOYMENT_TARGET = 17.5;
				LOCALIZATION_PREFERS_STRING_CATALOGS = YES;
				MTL_ENABLE_DEBUG_INFO = INCLUDE_SOURCE;
				MTL_FAST_MATH = YES;
				ONLY_ACTIVE_ARCH = YES;
				SDKROOT = iphoneos;
				SWIFT_ACTIVE_COMPILATION_CONDITIONS = "DEBUG $(inherited)";
				SWIFT_OPTIMIZATION_LEVEL = "-Onone";
			};
			name = Debug;
		};
		4DE6B5DB2C3D6C16008D8349 /* Release */ = {
			isa = XCBuildConfiguration;
			buildSettings = {
				ALWAYS_SEARCH_USER_PATHS = NO;
				ASSETCATALOG_COMPILER_GENERATE_SWIFT_ASSET_SYMBOL_EXTENSIONS = YES;
				CLANG_ANALYZER_NONNULL = YES;
				CLANG_ANALYZER_NUMBER_OBJECT_CONVERSION = YES_AGGRESSIVE;
				CLANG_CXX_LANGUAGE_STANDARD = "gnu++20";
				CLANG_ENABLE_MODULES = YES;
				CLANG_ENABLE_OBJC_ARC = YES;
				CLANG_ENABLE_OBJC_WEAK = YES;
				CLANG_WARN_BLOCK_CAPTURE_AUTORELEASING = YES;
				CLANG_WARN_BOOL_CONVERSION = YES;
				CLANG_WARN_COMMA = YES;
				CLANG_WARN_CONSTANT_CONVERSION = YES;
				CLANG_WARN_DEPRECATED_OBJC_IMPLEMENTATIONS = YES;
				CLANG_WARN_DIRECT_OBJC_ISA_USAGE = YES_ERROR;
				CLANG_WARN_DOCUMENTATION_COMMENTS = YES;
				CLANG_WARN_EMPTY_BODY = YES;
				CLANG_WARN_ENUM_CONVERSION = YES;
				CLANG_WARN_INFINITE_RECURSION = YES;
				CLANG_WARN_INT_CONVERSION = YES;
				CLANG_WARN_NON_LITERAL_NULL_CONVERSION = YES;
				CLANG_WARN_OBJC_IMPLICIT_RETAIN_SELF = YES;
				CLANG_WARN_OBJC_LITERAL_CONVERSION = YES;
				CLANG_WARN_OBJC_ROOT_CLASS = YES_ERROR;
				CLANG_WARN_QUOTED_INCLUDE_IN_FRAMEWORK_HEADER = YES;
				CLANG_WARN_RANGE_LOOP_ANALYSIS = YES;
				CLANG_WARN_STRICT_PROTOTYPES = YES;
				CLANG_WARN_SUSPICIOUS_MOVE = YES;
				CLANG_WARN_UNGUARDED_AVAILABILITY = YES_AGGRESSIVE;
				CLANG_WARN_UNREACHABLE_CODE = YES;
				CLANG_WARN__DUPLICATE_METHOD_MATCH = YES;
				COPY_PHASE_STRIP = NO;
				DEBUG_INFORMATION_FORMAT = "dwarf-with-dsym";
				ENABLE_NS_ASSERTIONS = NO;
				ENABLE_STRICT_OBJC_MSGSEND = YES;
				ENABLE_USER_SCRIPT_SANDBOXING = YES;
				GCC_C_LANGUAGE_STANDARD = gnu17;
				GCC_NO_COMMON_BLOCKS = YES;
				GCC_WARN_64_TO_32_BIT_CONVERSION = YES;
				GCC_WARN_ABOUT_RETURN_TYPE = YES_ERROR;
				GCC_WARN_UNDECLARED_SELECTOR = YES;
				GCC_WARN_UNINITIALIZED_AUTOS = YES_AGGRESSIVE;
				GCC_WARN_UNUSED_FUNCTION = YES;
				GCC_WARN_UNUSED_VARIABLE = YES;
				IPHONEOS_DEPLOYMENT_TARGET = 17.5;
				LOCALIZATION_PREFERS_STRING_CATALOGS = YES;
				MTL_ENABLE_DEBUG_INFO = NO;
				MTL_FAST_MATH = YES;
				SDKROOT = iphoneos;
				SWIFT_COMPILATION_MODE = wholemodule;
				VALIDATE_PRODUCT = YES;
			};
			name = Release;
		};
		4DE6B5DD2C3D6C16008D8349 /* Debug */ = {
			isa = XCBuildConfiguration;
			buildSettings = {
				ASSETCATALOG_COMPILER_APPICON_NAME = AppIcon;
				ASSETCATALOG_COMPILER_GLOBAL_ACCENT_COLOR_NAME = AccentColor;
				CODE_SIGN_STYLE = Automatic;
				CURRENT_PROJECT_VERSION = 1;
				DEVELOPMENT_TEAM = B34B7NL5L2;
				GENERATE_INFOPLIST_FILE = YES;
				INFOPLIST_FILE = StockSearch/Resources/Info.plist;
				INFOPLIST_KEY_UIApplicationSupportsIndirectInputEvents = YES;
				INFOPLIST_KEY_UILaunchStoryboardName = LaunchScreen;
				INFOPLIST_KEY_UIMainStoryboardFile = "";
				INFOPLIST_KEY_UISupportedInterfaceOrientations_iPad = "UIInterfaceOrientationPortrait UIInterfaceOrientationPortraitUpsideDown UIInterfaceOrientationLandscapeLeft UIInterfaceOrientationLandscapeRight";
				INFOPLIST_KEY_UISupportedInterfaceOrientations_iPhone = "UIInterfaceOrientationPortrait UIInterfaceOrientationLandscapeLeft UIInterfaceOrientationLandscapeRight";
				LD_RUNPATH_SEARCH_PATHS = (
					"$(inherited)",
					"@executable_path/Frameworks",
				);
				MARKETING_VERSION = 1.0;
				PRODUCT_BUNDLE_IDENTIFIER = mitya.StockSearch;
				PRODUCT_NAME = "$(TARGET_NAME)";
				SWIFT_EMIT_LOC_STRINGS = YES;
				SWIFT_VERSION = 5.0;
				TARGETED_DEVICE_FAMILY = "1,2";
			};
			name = Debug;
		};
		4DE6B5DE2C3D6C16008D8349 /* Release */ = {
			isa = XCBuildConfiguration;
			buildSettings = {
				ASSETCATALOG_COMPILER_APPICON_NAME = AppIcon;
				ASSETCATALOG_COMPILER_GLOBAL_ACCENT_COLOR_NAME = AccentColor;
				CODE_SIGN_STYLE = Automatic;
				CURRENT_PROJECT_VERSION = 1;
				DEVELOPMENT_TEAM = B34B7NL5L2;
				GENERATE_INFOPLIST_FILE = YES;
				INFOPLIST_FILE = StockSearch/Resources/Info.plist;
				INFOPLIST_KEY_UIApplicationSupportsIndirectInputEvents = YES;
				INFOPLIST_KEY_UILaunchStoryboardName = LaunchScreen;
				INFOPLIST_KEY_UIMainStoryboardFile = "";
				INFOPLIST_KEY_UISupportedInterfaceOrientations_iPad = "UIInterfaceOrientationPortrait UIInterfaceOrientationPortraitUpsideDown UIInterfaceOrientationLandscapeLeft UIInterfaceOrientationLandscapeRight";
				INFOPLIST_KEY_UISupportedInterfaceOrientations_iPhone = "UIInterfaceOrientationPortrait UIInterfaceOrientationLandscapeLeft UIInterfaceOrientationLandscapeRight";
				LD_RUNPATH_SEARCH_PATHS = (
					"$(inherited)",
					"@executable_path/Frameworks",
				);
				MARKETING_VERSION = 1.0;
				PRODUCT_BUNDLE_IDENTIFIER = mitya.StockSearch;
				PRODUCT_NAME = "$(TARGET_NAME)";
				SWIFT_EMIT_LOC_STRINGS = YES;
				SWIFT_VERSION = 5.0;
				TARGETED_DEVICE_FAMILY = "1,2";
			};
			name = Release;
		};
/* End XCBuildConfiguration section */

/* Begin XCConfigurationList section */
		4DE6B5C32C3D6C15008D8349 /* Build configuration list for PBXProject "StockSearch" */ = {
			isa = XCConfigurationList;
			buildConfigurations = (
				4DE6B5DA2C3D6C16008D8349 /* Debug */,
				4DE6B5DB2C3D6C16008D8349 /* Release */,
			);
			defaultConfigurationIsVisible = 0;
			defaultConfigurationName = Release;
		};
		4DE6B5DC2C3D6C16008D8349 /* Build configuration list for PBXNativeTarget "StockSearch" */ = {
			isa = XCConfigurationList;
			buildConfigurations = (
				4DE6B5DD2C3D6C16008D8349 /* Debug */,
				4DE6B5DE2C3D6C16008D8349 /* Release */,
			);
			defaultConfigurationIsVisible = 0;
			defaultConfigurationName = Release;
		};
/* End XCConfigurationList section */

/* Begin XCRemoteSwiftPackageReference section */
		4DE6B5E82C3D6D35008D8349 /* XCRemoteSwiftPackageReference "SnapKit" */ = {
			isa = XCRemoteSwiftPackageReference;
			repositoryURL = "https://github.com/SnapKit/SnapKit.git";
			requirement = {
				kind = upToNextMajorVersion;
				minimumVersion = 5.7.1;
			};
		};
		4DE6B5EB2C3D6D3E008D8349 /* XCRemoteSwiftPackageReference "Alamofire" */ = {
			isa = XCRemoteSwiftPackageReference;
			repositoryURL = "https://github.com/Alamofire/Alamofire";
			requirement = {
				kind = upToNextMajorVersion;
				minimumVersion = 5.9.1;
			};
		};
/* End XCRemoteSwiftPackageReference section */

/* Begin XCSwiftPackageProductDependency section */
		4DE6B5E92C3D6D35008D8349 /* SnapKit */ = {
			isa = XCSwiftPackageProductDependency;
			package = 4DE6B5E82C3D6D35008D8349 /* XCRemoteSwiftPackageReference "SnapKit" */;
			productName = SnapKit;
		};
		4DE6B5EC2C3D6D3E008D8349 /* Alamofire */ = {
			isa = XCSwiftPackageProductDependency;
			package = 4DE6B5EB2C3D6D3E008D8349 /* XCRemoteSwiftPackageReference "Alamofire" */;
			productName = Alamofire;
		};
/* End XCSwiftPackageProductDependency section */
	};
	rootObject = 4DE6B5C02C3D6C15008D8349 /* Project object */;
}
